
Microsoft Visual Studio Solution File, Format Version 12.00
# Visual Studio Version 17
VisualStudioVersion = 17.9.34723.18
MinimumVisualStudioVersion = 10.0.40219.1
Project("{FAE04EC0-301F-11D3-BF4B-00C04F79EFBC}") = "ResourceAPI", "ResourceAPI\ResourceAPI.csproj", "{F749B1E4-7954-4591-88FE-4BCAE9EF224E}"
EndProject
Project("{FAE04EC0-301F-11D3-BF4B-00C04F79EFBC}") = "DataAccess", "DataAccess\DataAccess.csproj", "{47C637BA-960C-4C85-904F-BB9D329275AE}"
EndProject
Global
	GlobalSection(SolutionConfigurationPlatforms) = preSolution
		Debug|Any CPU = Debug|Any CPU
		Release|Any CPU = Release|Any CPU
	EndGlobalSection
	GlobalSection(ProjectConfigurationPlatforms) = postSolution
		{F749B1E4-7954-4591-88FE-4BCAE9EF224E}.Debug|Any CPU.ActiveCfg = Debug|Any CPU
		{F749B1E4-7954-4591-88FE-4BCAE9EF224E}.Debug|Any CPU.Build.0 = Debug|Any CPU
		{F749B1E4-7954-4591-88FE-4BCAE9EF224E}.Release|Any CPU.ActiveCfg = Release|Any CPU
		{F749B1E4-7954-4591-88FE-4BCAE9EF224E}.Release|Any CPU.Build.0 = Release|Any CPU
		{47C637BA-960C-4C85-904F-BB9D329275AE}.Debug|Any CPU.ActiveCfg = Debug|Any CPU
		{47C637BA-960C-4C85-904F-BB9D329275AE}.Debug|Any CPU.Build.0 = Debug|Any CPU
		{47C637BA-960C-4C85-904F-BB9D329275AE}.Release|Any CPU.ActiveCfg = Release|Any CPU
		{47C637BA-960C-4C85-904F-BB9D329275AE}.Release|Any CPU.Build.0 = Release|Any CPU
	EndGlobalSection
	GlobalSection(SolutionProperties) = preSolution
		HideSolutionNode = FALSE
	EndGlobalSection
	GlobalSection(ExtensibilityGlobals) = postSolution
		SolutionGuid = {AE28EFC3-B7DD-4384-9BAE-4552BF31990E}
	EndGlobalSection
EndGlobal
